{
  "name": "mini-jmchart",
  "version": "1.0.0",
  "lockfileVersion": 2,
  "requires": true,
  "packages": {
    "": {
      "name": "mini-jmchart",
      "version": "1.0.0",
      "license": "MIT",
      "dependencies": {
        "jmchart": "^1.2.0",
        "jmgraph": "^3.1.95"
      }
    },
    "node_modules/jmchart": {
      "version": "1.2.0",
      "resolved": "https://npm.ciccjinteng.cn/jmchart/-/jmchart-1.2.0.tgz",
      "integrity": "sha512-YAjoS9he8t99UGykM9a2/+HqftJY5TXC0g/WNUBw4oCCh29StjKquAaqgYBe/clKHIOK9BtONwYBzeydWxMbiQ==",
      "dependencies": {
        "jmgraph": "^3.1.95"
      }
    },
    "node_modules/jmgraph": {
      "version": "3.1.95",
      "resolved": "https://npm.ciccjinteng.cn/jmgraph/-/jmgraph-3.1.95.tgz",
      "integrity": "sha512-egi6Y4FuUO3X2+Am0y/86JbkdPychDcT6SJIB+u3E+9fGwveUdLo/07vJ5CtMFGIh2pX0vcbKPKabZC+H4mL4Q=="
    }
  },
  "dependencies": {
    "jmchart": {
      "version": "1.2.0",
      "resolved": "https://npm.ciccjinteng.cn/jmchart/-/jmchart-1.2.0.tgz",
      "integrity": "sha512-YAjoS9he8t99UGykM9a2/+HqftJY5TXC0g/WNUBw4oCCh29StjKquAaqgYBe/clKHIOK9BtONwYBzeydWxMbiQ==",
      "requires": {
        "jmgraph": "^3.1.95"
      }
    },
    "jmgraph": {
      "version": "3.1.95",
      "resolved": "https://npm.ciccjinteng.cn/jmgraph/-/jmgraph-3.1.95.tgz",
      "integrity": "sha512-egi6Y4FuUO3X2+Am0y/86JbkdPychDcT6SJIB+u3E+9fGwveUdLo/07vJ5CtMFGIh2pX0vcbKPKabZC+H4mL4Q=="
    }
  }
}
