{
  "requires": true,
  "lockfileVersion": 1,
  "dependencies": {
    "jmchart": {
      "version": "1.1.72",
      "resolved": "https://registry.npmmirror.com/jmchart/-/jmchart-1.1.72.tgz",
      "integrity": "sha512-pmAapBpkLnxYxUWXsTxeYX5hMFLwhjpCK0VR1fxM9qYmVboAKQdWfciwzGjiU5KuzLIAD5CCdilDLmOWpq+ABA==",
      "requires": {
        "jmgraph": "^3.1.84"
      }
    },
    "jmgraph": {
      "version": "3.1.84",
      "resolved": "https://registry.npmmirror.com/jmgraph/-/jmgraph-3.1.84.tgz",
      "integrity": "sha512-KT92/pU8FRRfmpjllCWKCEB2/o1myWPny7HxRKz7xXd/SYRuhVg7MYHTcc0g13DQ7eG8NCqc+hT/s9oRIp1OHg=="
    }
  }
}
