{
  "requires": true,
  "lockfileVersion": 1,
  "dependencies": {
    "jmgraph": {
      "version": "3.1.60",
      "resolved": "https://registry.npmjs.org/jmgraph/-/jmgraph-3.1.60.tgz",
      "integrity": "sha512-Emc3l/sBl4Tlm/MY2tVOoq698X/zPhf0K5Rxako4LVhAtHZWQOQQZqs4eLi5Jab6IzVSC4frl0FBXvhCOkXnyQ=="
    }
  }
}
