# THIS IS AN AUTOGENERATED FILE. DO NOT EDIT THIS FILE DIRECTLY.
# yarn lockfile v1


"jmchart@^1.2.7":
  "integrity" "sha512-wldRtyBhYss4hU9wI4Ak79hfpzIKM9Qr2COt1x3SPhPCKjMi2ZHUtHZdONWSJLw4Nu0tQtez6vbBg+N/euqHsA=="
  "resolved" "https://npm.ciccjinteng.cn/jmchart/-/jmchart-1.2.7.tgz"
  "version" "1.2.7"
  dependencies:
    "jmgraph" "^3.2.2"

"jmgraph@^3.2.2":
  "integrity" "sha512-JQXJtLJFEosENlLHxxNbQlRzzsSLJr2jgG4yDraX9X8bvoof0UJpMCQT+fa2Qc+svUdNA0ZGDIMA44jpmot6GQ=="
  "resolved" "https://npm.ciccjinteng.cn/jmgraph/-/jmgraph-3.2.2.tgz"
  "version" "3.2.2"
