# THIS IS AN AUTOGENERATED FILE. DO NOT EDIT THIS FILE DIRECTLY.
# yarn lockfile v1


jmgraph@^3.0.5:
  version "3.0.5"
  resolved "https://registry.yarnpkg.com/jmgraph/-/jmgraph-3.0.5.tgz#4bccfff7d60901cc7af97e2468412762cd5a713c"
  integrity sha512-SOUgcYnND/K3PwrA/CnOxChgKTl3RMT/YDPfm+MucQBjPNAfVKc258nc2lZOijueQShwJ462psnY1cr3VosVvw==
